Microsoft Visual Studio Solution File, Format Version 12.00
# Visual Studio Version 17
VisualStudioVersion = 17.5.2.0
MinimumVisualStudioVersion = 10.0.40219.1
Project("{2150E333-8FDC-42A3-9474-1A3956D46DE8}") = "Joao", "Joao", "{91E9E89A-F4B8-8EB6-E917-58BA4893E87C}"
EndProject
Project("{FAE04EC0-301F-11D3-BF4B-00C04F79EFBC}") = "Lucas", "Joao\Lucas\Lucas.csproj", "{36F575CA-06BF-CCA7-6A13-3D117D42F58F}"
EndProject
Project("{2150E333-8FDC-42A3-9474-1A3956D46DE8}") = "Tests", "Tests", "{0AB3BF05-4346-4AA6-1389-037BE0695223}"
	ProjectSection(SolutionItems) = preProject
		Teste.http = Teste.http
	EndProjectSection
EndProject
Global
	GlobalSection(SolutionConfigurationPlatforms) = preSolution
		Debug|Any CPU = Debug|Any CPU
		Release|Any CPU = Release|Any CPU
	EndGlobalSection
	GlobalSection(ProjectConfigurationPlatforms) = postSolution
		{36F575CA-06BF-CCA7-6A13-3D117D42F58F}.Debug|Any CPU.ActiveCfg = Debug|Any CPU
		{36F575CA-06BF-CCA7-6A13-3D117D42F58F}.Debug|Any CPU.Build.0 = Debug|Any CPU
		{36F575CA-06BF-CCA7-6A13-3D117D42F58F}.Release|Any CPU.ActiveCfg = Release|Any CPU
		{36F575CA-06BF-CCA7-6A13-3D117D42F58F}.Release|Any CPU.Build.0 = Release|Any CPU
	EndGlobalSection
	GlobalSection(SolutionProperties) = preSolution
		HideSolutionNode = FALSE
	EndGlobalSection
	GlobalSection(NestedProjects) = preSolution
		{36F575CA-06BF-CCA7-6A13-3D117D42F58F} = {91E9E89A-F4B8-8EB6-E917-58BA4893E87C}
	EndGlobalSection
	GlobalSection(ExtensibilityGlobals) = postSolution
		SolutionGuid = {58F0687D-F757-46EC-986A-6EE83E7D479B}
	EndGlobalSection
EndGlobal
